
Microsoft Visual Studio Solution File, Format Version 12.00
# Visual Studio Version 17
VisualStudioVersion = 17.13.35825.156 d17.13
MinimumVisualStudioVersion = 10.0.40219.1
Project("{FAE04EC0-301F-11D3-BF4B-00C04F79EFBC}") = "Interfaz gráfica de usuario (GUI) - Reserva avion", "Interfaz gráfica de usuario (GUI) - Reserva avion\Interfaz gráfica de usuario (GUI) - Reserva avion.csproj", "{57E7A34A-B84D-4B6B-8CEF-9A33203DAA48}"
EndProject
Global
	GlobalSection(SolutionConfigurationPlatforms) = preSolution
		Debug|Any CPU = Debug|Any CPU
		Release|Any CPU = Release|Any CPU
	EndGlobalSection
	GlobalSection(ProjectConfigurationPlatforms) = postSolution
		{57E7A34A-B84D-4B6B-8CEF-9A33203DAA48}.Debug|Any CPU.ActiveCfg = Debug|Any CPU
		{57E7A34A-B84D-4B6B-8CEF-9A33203DAA48}.Debug|Any CPU.Build.0 = Debug|Any CPU
		{57E7A34A-B84D-4B6B-8CEF-9A33203DAA48}.Release|Any CPU.ActiveCfg = Release|Any CPU
		{57E7A34A-B84D-4B6B-8CEF-9A33203DAA48}.Release|Any CPU.Build.0 = Release|Any CPU
	EndGlobalSection
	GlobalSection(SolutionProperties) = preSolution
		HideSolutionNode = FALSE
	EndGlobalSection
	GlobalSection(ExtensibilityGlobals) = postSolution
		SolutionGuid = {727C9298-3F80-4622-AA17-4E65E92BBEE2}
	EndGlobalSection
EndGlobal
